
Microsoft Visual Studio Solution File, Format Version 12.00
# Visual Studio Version 17
VisualStudioVersion = 17.14.36301.6 d17.14
MinimumVisualStudioVersion = 10.0.40219.1
Project("{FAE04EC0-301F-11D3-BF4B-00C04F79EFBC}") = "question 3", "question 3\question 3.csproj", "{0A2670A8-19AB-4606-859B-C589B5B883A8}"
EndProject
Global
	GlobalSection(SolutionConfigurationPlatforms) = preSolution
		Debug|Any CPU = Debug|Any CPU
		Release|Any CPU = Release|Any CPU
	EndGlobalSection
	GlobalSection(ProjectConfigurationPlatforms) = postSolution
		{0A2670A8-19AB-4606-859B-C589B5B883A8}.Debug|Any CPU.ActiveCfg = Debug|Any CPU
		{0A2670A8-19AB-4606-859B-C589B5B883A8}.Debug|Any CPU.Build.0 = Debug|Any CPU
		{0A2670A8-19AB-4606-859B-C589B5B883A8}.Release|Any CPU.ActiveCfg = Release|Any CPU
		{0A2670A8-19AB-4606-859B-C589B5B883A8}.Release|Any CPU.Build.0 = Release|Any CPU
	EndGlobalSection
	GlobalSection(SolutionProperties) = preSolution
		HideSolutionNode = FALSE
	EndGlobalSection
	GlobalSection(ExtensibilityGlobals) = postSolution
		SolutionGuid = {466EB85D-F48D-4F1B-9DD2-1BDC19B6255D}
	EndGlobalSection
EndGlobal
