
Microsoft Visual Studio Solution File, Format Version 12.00
# Visual Studio Version 17
VisualStudioVersion = 17.14.36301.6 d17.14
MinimumVisualStudioVersion = 10.0.40219.1
Project("{FAE04EC0-301F-11D3-BF4B-00C04F79EFBC}") = "WinformsAppPractice", "WinformsAppPractice\WinformsAppPractice.csproj", "{2D222908-4743-4242-888C-7813829802CF}"
EndProject
Global
	GlobalSection(SolutionConfigurationPlatforms) = preSolution
		Debug|Any CPU = Debug|Any CPU
		Release|Any CPU = Release|Any CPU
	EndGlobalSection
	GlobalSection(ProjectConfigurationPlatforms) = postSolution
		{2D222908-4743-4242-888C-7813829802CF}.Debug|Any CPU.ActiveCfg = Debug|Any CPU
		{2D222908-4743-4242-888C-7813829802CF}.Debug|Any CPU.Build.0 = Debug|Any CPU
		{2D222908-4743-4242-888C-7813829802CF}.Release|Any CPU.ActiveCfg = Release|Any CPU
		{2D222908-4743-4242-888C-7813829802CF}.Release|Any CPU.Build.0 = Release|Any CPU
	EndGlobalSection
	GlobalSection(SolutionProperties) = preSolution
		HideSolutionNode = FALSE
	EndGlobalSection
	GlobalSection(ExtensibilityGlobals) = postSolution
		SolutionGuid = {AB7E8C48-F47D-4F42-871E-41E6AC9D0205}
	EndGlobalSection
EndGlobal
