
Microsoft Visual Studio Solution File, Format Version 12.00
# Visual Studio Version 17
VisualStudioVersion = 17.14.36301.6 d17.14
MinimumVisualStudioVersion = 10.0.40219.1
Project("{FAE04EC0-301F-11D3-BF4B-00C04F79EFBC}") = "inclass task", "inclass task\inclass task.csproj", "{2CB7BFF5-1FDC-46EA-972B-AF1FB3462B3A}"
EndProject
Global
	GlobalSection(SolutionConfigurationPlatforms) = preSolution
		Debug|Any CPU = Debug|Any CPU
		Release|Any CPU = Release|Any CPU
	EndGlobalSection
	GlobalSection(ProjectConfigurationPlatforms) = postSolution
		{2CB7BFF5-1FDC-46EA-972B-AF1FB3462B3A}.Debug|Any CPU.ActiveCfg = Debug|Any CPU
		{2CB7BFF5-1FDC-46EA-972B-AF1FB3462B3A}.Debug|Any CPU.Build.0 = Debug|Any CPU
		{2CB7BFF5-1FDC-46EA-972B-AF1FB3462B3A}.Release|Any CPU.ActiveCfg = Release|Any CPU
		{2CB7BFF5-1FDC-46EA-972B-AF1FB3462B3A}.Release|Any CPU.Build.0 = Release|Any CPU
	EndGlobalSection
	GlobalSection(SolutionProperties) = preSolution
		HideSolutionNode = FALSE
	EndGlobalSection
	GlobalSection(ExtensibilityGlobals) = postSolution
		SolutionGuid = {AAC10756-EB44-446A-8D76-F1D9DAB85934}
	EndGlobalSection
EndGlobal
