
Microsoft Visual Studio Solution File, Format Version 12.00
# Visual Studio Version 17
VisualStudioVersion = 17.14.36301.6 d17.14
MinimumVisualStudioVersion = 10.0.40219.1
Project("{FAE04EC0-301F-11D3-BF4B-00C04F79EFBC}") = "OOP demonstration", "OOP demonstration\OOP demonstration.csproj", "{8DCAFB15-377D-4FAE-B5BB-009658207430}"
EndProject
Global
	GlobalSection(SolutionConfigurationPlatforms) = preSolution
		Debug|Any CPU = Debug|Any CPU
		Release|Any CPU = Release|Any CPU
	EndGlobalSection
	GlobalSection(ProjectConfigurationPlatforms) = postSolution
		{8DCAFB15-377D-4FAE-B5BB-009658207430}.Debug|Any CPU.ActiveCfg = Debug|Any CPU
		{8DCAFB15-377D-4FAE-B5BB-009658207430}.Debug|Any CPU.Build.0 = Debug|Any CPU
		{8DCAFB15-377D-4FAE-B5BB-009658207430}.Release|Any CPU.ActiveCfg = Release|Any CPU
		{8DCAFB15-377D-4FAE-B5BB-009658207430}.Release|Any CPU.Build.0 = Release|Any CPU
	EndGlobalSection
	GlobalSection(SolutionProperties) = preSolution
		HideSolutionNode = FALSE
	EndGlobalSection
	GlobalSection(ExtensibilityGlobals) = postSolution
		SolutionGuid = {AA285B78-6605-4B76-A780-7CD1F3667074}
	EndGlobalSection
EndGlobal
