
Microsoft Visual Studio Solution File, Format Version 12.00
# Visual Studio Version 17
VisualStudioVersion = 17.14.36301.6 d17.14
MinimumVisualStudioVersion = 10.0.40219.1
Project("{FAE04EC0-301F-11D3-BF4B-00C04F79EFBC}") = "question 7", "question 7\question 7.csproj", "{55FC15E9-FEBE-42C9-959A-AFB3DD6ABCB7}"
EndProject
Global
	GlobalSection(SolutionConfigurationPlatforms) = preSolution
		Debug|Any CPU = Debug|Any CPU
		Release|Any CPU = Release|Any CPU
	EndGlobalSection
	GlobalSection(ProjectConfigurationPlatforms) = postSolution
		{55FC15E9-FEBE-42C9-959A-AFB3DD6ABCB7}.Debug|Any CPU.ActiveCfg = Debug|Any CPU
		{55FC15E9-FEBE-42C9-959A-AFB3DD6ABCB7}.Debug|Any CPU.Build.0 = Debug|Any CPU
		{55FC15E9-FEBE-42C9-959A-AFB3DD6ABCB7}.Release|Any CPU.ActiveCfg = Release|Any CPU
		{55FC15E9-FEBE-42C9-959A-AFB3DD6ABCB7}.Release|Any CPU.Build.0 = Release|Any CPU
	EndGlobalSection
	GlobalSection(SolutionProperties) = preSolution
		HideSolutionNode = FALSE
	EndGlobalSection
	GlobalSection(ExtensibilityGlobals) = postSolution
		SolutionGuid = {C93BC0F2-C78E-4E65-8DDF-1BDB5DB02474}
	EndGlobalSection
EndGlobal
